// !$*UTF8*$!
{
	archiveVersion = 1;
	classes = {
	};
	objectVersion = 46;
	objects = {

/* Begin PBXBuildFile section */
		FFB212541CDB3B4300E3FD7D /* main.m in Sources */ = {isa = PBXBuildFile; fileRef = FFB212531CDB3B4300E3FD7D /* main.m */; };
		FFB212571CDB3B4300E3FD7D /* AppDelegate.m in Sources */ = {isa = PBXBuildFile; fileRef = FFB212561CDB3B4300E3FD7D /* AppDelegate.m */; };
		FFB2125A1CDB3B4300E3FD7D /* ViewController.m in Sources */ = {isa = PBXBuildFile; fileRef = FFB212591CDB3B4300E3FD7D /* ViewController.m */; };
		FFB2125D1CDB3B4300E3FD7D /* Main.storyboard in Resources */ = {isa = PBXBuildFile; fileRef = FFB2125B1CDB3B4300E3FD7D /* Main.storyboard */; };
		FFB2125F1CDB3B4300E3FD7D /* Assets.xcassets in Resources */ = {isa = PBXBuildFile; fileRef = FFB2125E1CDB3B4300E3FD7D /* Assets.xcassets */; };
		FFB212621CDB3B4300E3FD7D /* LaunchScreen.storyboard in Resources */ = {isa = PBXBuildFile; fileRef = FFB212601CDB3B4300E3FD7D /* LaunchScreen.storyboard */; };
		FFB2126D1CDB3B4300E3FD7D /* _dibBusinessTests.m in Sources */ = {isa = PBXBuildFile; fileRef = FFB2126C1CDB3B4300E3FD7D /* _dibBusinessTests.m */; };
		FFB212781CDB3B4300E3FD7D /* _dibBusinessUITests.m in Sources */ = {isa = PBXBuildFile; fileRef = FFB212771CDB3B4300E3FD7D /* _dibBusinessUITests.m */; };
/* End PBXBuildFile section */

/* Begin PBXContainerItemProxy section */
		FFB212691CDB3B4300E3FD7D /* PBXContainerItemProxy */ = {
			isa = PBXContainerItemProxy;
			containerPortal = FFB212471CDB3B4300E3FD7D /* Project object */;
			proxyType = 1;
			remoteGlobalIDString = FFB2124E1CDB3B4300E3FD7D;
			remoteInfo = 8dibBusiness;
		};
		FFB212741CDB3B4300E3FD7D /* PBXContainerItemProxy */ = {
			isa = PBXContainerItemProxy;
			containerPortal = FFB212471CDB3B4300E3FD7D /* Project object */;
			proxyType = 1;
			remoteGlobalIDString = FFB2124E1CDB3B4300E3FD7D;
			remoteInfo = 8dibBusiness;
		};
/* End PBXContainerItemProxy section */

/* Begin PBXFileReference section */
		FFB2124F1CDB3B4300E3FD7D /* 8dibBusiness.app */ = {isa = PBXFileReference; explicitFileType = wrapper.application; includeInIndex = 0; path = 8dibBusiness.app; sourceTree = BUILT_PRODUCTS_DIR; };
		FFB212531CDB3B4300E3FD7D /* main.m */ = {isa = PBXFileReference; lastKnownFileType = sourcecode.c.objc; path = main.m; sourceTree = "<group>"; };
		FFB212551CDB3B4300E3FD7D /* AppDelegate.h */ = {isa = PBXFileReference; lastKnownFileType = sourcecode.c.h; path = AppDelegate.h; sourceTree = "<group>"; };
		FFB212561CDB3B4300E3FD7D /* AppDelegate.m */ = {isa = PBXFileReference; lastKnownFileType = sourcecode.c.objc; path = AppDelegate.m; sourceTree = "<group>"; };
		FFB212581CDB3B4300E3FD7D /* ViewController.h */ = {isa = PBXFileReference; lastKnownFileType = sourcecode.c.h; path = ViewController.h; sourceTree = "<group>"; };
		FFB212591CDB3B4300E3FD7D /* ViewController.m */ = {isa = PBXFileReference; lastKnownFileType = sourcecode.c.objc; path = ViewController.m; sourceTree = "<group>"; };
		FFB2125C1CDB3B4300E3FD7D /* Base */ = {isa = PBXFileReference; lastKnownFileType = file.storyboard; name = Base; path = Base.lproj/Main.storyboard; sourceTree = "<group>"; };
		FFB2125E1CDB3B4300E3FD7D /* Assets.xcassets */ = {isa = PBXFileReference; lastKnownFileType = folder.assetcatalog; path = Assets.xcassets; sourceTree = "<group>"; };
		FFB212611CDB3B4300E3FD7D /* Base */ = {isa = PBXFileReference; lastKnownFileType = file.storyboard; name = Base; path = Base.lproj/LaunchScreen.storyboard; sourceTree = "<group>"; };
		FFB212631CDB3B4300E3FD7D /* Info.plist */ = {isa = PBXFileReference; lastKnownFileType = text.plist.xml; path = Info.plist; sourceTree = "<group>"; };
		FFB212681CDB3B4300E3FD7D /* 8dibBusinessTests.xctest */ = {isa = PBXFileReference; explicitFileType = wrapper.cfbundle; includeInIndex = 0; path = 8dibBusinessTests.xctest; sourceTree = BUILT_PRODUCTS_DIR; };
		FFB2126C1CDB3B4300E3FD7D /* _dibBusinessTests.m */ = {isa = PBXFileReference; lastKnownFileType = sourcecode.c.objc; path = _dibBusinessTests.m; sourceTree = "<group>"; };
		FFB2126E1CDB3B4300E3FD7D /* Info.plist */ = {isa = PBXFileReference; lastKnownFileType = text.plist.xml; path = Info.plist; sourceTree = "<group>"; };
		FFB212731CDB3B4300E3FD7D /* 8dibBusinessUITests.xctest */ = {isa = PBXFileReference; explicitFileType = wrapper.cfbundle; includeInIndex = 0; path = 8dibBusinessUITests.xctest; sourceTree = BUILT_PRODUCTS_DIR; };
		FFB212771CDB3B4300E3FD7D /* _dibBusinessUITests.m */ = {isa = PBXFileReference; lastKnownFileType = sourcecode.c.objc; path = _dibBusinessUITests.m; sourceTree = "<group>"; };
		FFB212791CDB3B4300E3FD7D /* Info.plist */ = {isa = PBXFileReference; lastKnownFileType = text.plist.xml; path = Info.plist; sourceTree = "<group>"; };
/* End PBXFileReference section */

/* Begin PBXFrameworksBuildPhase section */
		FFB2124C1CDB3B4300E3FD7D /* Frameworks */ = {
			isa = PBXFrameworksBuildPhase;
			buildActionMask = 2147483647;
			files = (
			);
			runOnlyForDeploymentPostprocessing = 0;
		};
		FFB212651CDB3B4300E3FD7D /* Frameworks */ = {
			isa = PBXFrameworksBuildPhase;
			buildActionMask = 2147483647;
			files = (
			);
			runOnlyForDeploymentPostprocessing = 0;
		};
		FFB212701CDB3B4300E3FD7D /* Frameworks */ = {
			isa = PBXFrameworksBuildPhase;
			buildActionMask = 2147483647;
			files = (
			);
			runOnlyForDeploymentPostprocessing = 0;
		};
/* End PBXFrameworksBuildPhase section */

/* Begin PBXGroup section */
		FFB212461CDB3B4300E3FD7D = {
			isa = PBXGroup;
			children = (
				FFB212511CDB3B4300E3FD7D /* 8dibBusiness */,
				FFB2126B1CDB3B4300E3FD7D /* 8dibBusinessTests */,
				FFB212761CDB3B4300E3FD7D /* 8dibBusinessUITests */,
				FFB212501CDB3B4300E3FD7D /* Products */,
			);
			sourceTree = "<group>";
		};
		FFB212501CDB3B4300E3FD7D /* Products */ = {
			isa = PBXGroup;
			children = (
				FFB2124F1CDB3B4300E3FD7D /* 8dibBusiness.app */,
				FFB212681CDB3B4300E3FD7D /* 8dibBusinessTests.xctest */,
				FFB212731CDB3B4300E3FD7D /* 8dibBusinessUITests.xctest */,
			);
			name = Products;
			sourceTree = "<group>";
		};
		FFB212511CDB3B4300E3FD7D /* 8dibBusiness */ = {
			isa = PBXGroup;
			children = (
				FFB212551CDB3B4300E3FD7D /* AppDelegate.h */,
				FFB212561CDB3B4300E3FD7D /* AppDelegate.m */,
				FFB212581CDB3B4300E3FD7D /* ViewController.h */,
				FFB212591CDB3B4300E3FD7D /* ViewController.m */,
				FFB2125B1CDB3B4300E3FD7D /* Main.storyboard */,
				FFB2125E1CDB3B4300E3FD7D /* Assets.xcassets */,
				FFB212601CDB3B4300E3FD7D /* LaunchScreen.storyboard */,
				FFB212631CDB3B4300E3FD7D /* Info.plist */,
				FFB212521CDB3B4300E3FD7D /* Supporting Files */,
			);
			path = 8dibBusiness;
			sourceTree = "<group>";
		};
		FFB212521CDB3B4300E3FD7D /* Supporting Files */ = {
			isa = PBXGroup;
			children = (
				FFB212531CDB3B4300E3FD7D /* main.m */,
			);
			name = "Supporting Files";
			sourceTree = "<group>";
		};
		FFB2126B1CDB3B4300E3FD7D /* 8dibBusinessTests */ = {
			isa = PBXGroup;
			children = (
				FFB2126C1CDB3B4300E3FD7D /* _dibBusinessTests.m */,
				FFB2126E1CDB3B4300E3FD7D /* Info.plist */,
			);
			path = 8dibBusinessTests;
			sourceTree = "<group>";
		};
		FFB212761CDB3B4300E3FD7D /* 8dibBusinessUITests */ = {
			isa = PBXGroup;
			children = (
				FFB212771CDB3B4300E3FD7D /* _dibBusinessUITests.m */,
				FFB212791CDB3B4300E3FD7D /* Info.plist */,
			);
			path = 8dibBusinessUITests;
			sourceTree = "<group>";
		};
/* End PBXGroup section */

/* Begin PBXNativeTarget section */
		FFB2124E1CDB3B4300E3FD7D /* 8dibBusiness */ = {
			isa = PBXNativeTarget;
			buildConfigurationList = FFB2127C1CDB3B4300E3FD7D /* Build configuration list for PBXNativeTarget "8dibBusiness" */;
			buildPhases = (
				FFB2124B1CDB3B4300E3FD7D /* Sources */,
				FFB2124C1CDB3B4300E3FD7D /* Frameworks */,
				FFB2124D1CDB3B4300E3FD7D /* Resources */,
			);
			buildRules = (
			);
			dependencies = (
			);
			name = 8dibBusiness;
			productName = 8dibBusiness;
			productReference = FFB2124F1CDB3B4300E3FD7D /* 8dibBusiness.app */;
			productType = "com.apple.product-type.application";
		};
		FFB212671CDB3B4300E3FD7D /* 8dibBusinessTests */ = {
			isa = PBXNativeTarget;
			buildConfigurationList = FFB2127F1CDB3B4300E3FD7D /* Build configuration list for PBXNativeTarget "8dibBusinessTests" */;
			buildPhases = (
				FFB212641CDB3B4300E3FD7D /* Sources */,
				FFB212651CDB3B4300E3FD7D /* Frameworks */,
				FFB212661CDB3B4300E3FD7D /* Resources */,
			);
			buildRules = (
			);
			dependencies = (
				FFB2126A1CDB3B4300E3FD7D /* PBXTargetDependency */,
			);
			name = 8dibBusinessTests;
			productName = 8dibBusinessTests;
			productReference = FFB212681CDB3B4300E3FD7D /* 8dibBusinessTests.xctest */;
			productType = "com.apple.product-type.bundle.unit-test";
		};
		FFB212721CDB3B4300E3FD7D /* 8dibBusinessUITests */ = {
			isa = PBXNativeTarget;
			buildConfigurationList = FFB212821CDB3B4300E3FD7D /* Build configuration list for PBXNativeTarget "8dibBusinessUITests" */;
			buildPhases = (
				FFB2126F1CDB3B4300E3FD7D /* Sources */,
				FFB212701CDB3B4300E3FD7D /* Frameworks */,
				FFB212711CDB3B4300E3FD7D /* Resources */,
			);
			buildRules = (
			);
			dependencies = (
				FFB212751CDB3B4300E3FD7D /* PBXTargetDependency */,
			);
			name = 8dibBusinessUITests;
			productName = 8dibBusinessUITests;
			productReference = FFB212731CDB3B4300E3FD7D /* 8dibBusinessUITests.xctest */;
			productType = "com.apple.product-type.bundle.ui-testing";
		};
/* End PBXNativeTarget section */

/* Begin PBXProject section */
		FFB212471CDB3B4300E3FD7D /* Project object */ = {
			isa = PBXProject;
			attributes = {
				LastUpgradeCheck = 0710;
				ORGANIZATIONNAME = caixianghui;
				TargetAttributes = {
					FFB2124E1CDB3B4300E3FD7D = {
						CreatedOnToolsVersion = 7.1.1;
					};
					FFB212671CDB3B4300E3FD7D = {
						CreatedOnToolsVersion = 7.1.1;
						TestTargetID = FFB2124E1CDB3B4300E3FD7D;
					};
					FFB212721CDB3B4300E3FD7D = {
						CreatedOnToolsVersion = 7.1.1;
						TestTargetID = FFB2124E1CDB3B4300E3FD7D;
					};
				};
			};
			buildConfigurationList = FFB2124A1CDB3B4300E3FD7D /* Build configuration list for PBXProject "8dibBusiness" */;
			compatibilityVersion = "Xcode 3.2";
			developmentRegion = English;
			hasScannedForEncodings = 0;
			knownRegions = (
				en,
				Base,
			);
			mainGroup = FFB212461CDB3B4300E3FD7D;
			productRefGroup = FFB212501CDB3B4300E3FD7D /* Products */;
			projectDirPath = "";
			projectRoot = "";
			targets = (
				FFB2124E1CDB3B4300E3FD7D /* 8dibBusiness */,
				FFB212671CDB3B4300E3FD7D /* 8dibBusinessTests */,
				FFB212721CDB3B4300E3FD7D /* 8dibBusinessUITests */,
			);
		};
/* End PBXProject section */

/* Begin PBXResourcesBuildPhase section */
		FFB2124D1CDB3B4300E3FD7D /* Resources */ = {
			isa = PBXResourcesBuildPhase;
			buildActionMask = 2147483647;
			files = (
				FFB212621CDB3B4300E3FD7D /* LaunchScreen.storyboard in Resources */,
				FFB2125F1CDB3B4300E3FD7D /* Assets.xcassets in Resources */,
				FFB2125D1CDB3B4300E3FD7D /* Main.storyboard in Resources */,
			);
			runOnlyForDeploymentPostprocessing = 0;
		};
		FFB212661CDB3B4300E3FD7D /* Resources */ = {
			isa = PBXResourcesBuildPhase;
			buildActionMask = 2147483647;
			files = (
			);
			runOnlyForDeploymentPostprocessing = 0;
		};
		FFB212711CDB3B4300E3FD7D /* Resources */ = {
			isa = PBXResourcesBuildPhase;
			buildActionMask = 2147483647;
			files = (
			);
			runOnlyForDeploymentPostprocessing = 0;
		};
/* End PBXResourcesBuildPhase section */

/* Begin PBXSourcesBuildPhase section */
		FFB2124B1CDB3B4300E3FD7D /* Sources */ = {
			isa = PBXSourcesBuildPhase;
			buildActionMask = 2147483647;
			files = (
				FFB2125A1CDB3B4300E3FD7D /* ViewController.m in Sources */,
				FFB212571CDB3B4300E3FD7D /* AppDelegate.m in Sources */,
				FFB212541CDB3B4300E3FD7D /* main.m in Sources */,
			);
			runOnlyForDeploymentPostprocessing = 0;
		};
		FFB212641CDB3B4300E3FD7D /* Sources */ = {
			isa = PBXSourcesBuildPhase;
			buildActionMask = 2147483647;
			files = (
				FFB2126D1CDB3B4300E3FD7D /* _dibBusinessTests.m in Sources */,
			);
			runOnlyForDeploymentPostprocessing = 0;
		};
		FFB2126F1CDB3B4300E3FD7D /* Sources */ = {
			isa = PBXSourcesBuildPhase;
			buildActionMask = 2147483647;
			files = (
				FFB212781CDB3B4300E3FD7D /* _dibBusinessUITests.m in Sources */,
			);
			runOnlyForDeploymentPostprocessing = 0;
		};
/* End PBXSourcesBuildPhase section */

/* Begin PBXTargetDependency section */
		FFB2126A1CDB3B4300E3FD7D /* PBXTargetDependency */ = {
			isa = PBXTargetDependency;
			target = FFB2124E1CDB3B4300E3FD7D /* 8dibBusiness */;
			targetProxy = FFB212691CDB3B4300E3FD7D /* PBXContainerItemProxy */;
		};
		FFB212751CDB3B4300E3FD7D /* PBXTargetDependency */ = {
			isa = PBXTargetDependency;
			target = FFB2124E1CDB3B4300E3FD7D /* 8dibBusiness */;
			targetProxy = FFB212741CDB3B4300E3FD7D /* PBXContainerItemProxy */;
		};
/* End PBXTargetDependency section */

/* Begin PBXVariantGroup section */
		FFB2125B1CDB3B4300E3FD7D /* Main.storyboard */ = {
			isa = PBXVariantGroup;
			children = (
				FFB2125C1CDB3B4300E3FD7D /* Base */,
			);
			name = Main.storyboard;
			sourceTree = "<group>";
		};
		FFB212601CDB3B4300E3FD7D /* LaunchScreen.storyboard */ = {
			isa = PBXVariantGroup;
			children = (
				FFB212611CDB3B4300E3FD7D /* Base */,
			);
			name = LaunchScreen.storyboard;
			sourceTree = "<group>";
		};
/* End PBXVariantGroup section */

/* Begin XCBuildConfiguration section */
		FFB2127A1CDB3B4300E3FD7D /* Debug */ = {
			isa = XCBuildConfiguration;
			buildSettings = {
				ALWAYS_SEARCH_USER_PATHS = NO;
				CLANG_CXX_LANGUAGE_STANDARD = "gnu++0x";
				CLANG_CXX_LIBRARY = "libc++";
				CLANG_ENABLE_MODULES = YES;
				CLANG_ENABLE_OBJC_ARC = YES;
				CLANG_WARN_BOOL_CONVERSION = YES;
				CLANG_WARN_CONSTANT_CONVERSION = YES;
				CLANG_WARN_DIRECT_OBJC_ISA_USAGE = YES_ERROR;
				CLANG_WARN_EMPTY_BODY = YES;
				CLANG_WARN_ENUM_CONVERSION = YES;
				CLANG_WARN_INT_CONVERSION = YES;
				CLANG_WARN_OBJC_ROOT_CLASS = YES_ERROR;
				CLANG_WARN_UNREACHABLE_CODE = YES;
				CLANG_WARN__DUPLICATE_METHOD_MATCH = YES;
				"CODE_SIGN_IDENTITY[sdk=iphoneos*]" = "iPhone Developer";
				COPY_PHASE_STRIP = NO;
				DEBUG_INFORMATION_FORMAT = dwarf;
				ENABLE_STRICT_OBJC_MSGSEND = YES;
				ENABLE_TESTABILITY = YES;
				GCC_C_LANGUAGE_STANDARD = gnu99;
				GCC_DYNAMIC_NO_PIC = NO;
				GCC_NO_COMMON_BLOCKS = YES;
				GCC_OPTIMIZATION_LEVEL = 0;
				GCC_PREPROCESSOR_DEFINITIONS = (
					"DEBUG=1",
					"$(inherited)",
				);
				GCC_WARN_64_TO_32_BIT_CONVERSION = YES;
				GCC_WARN_ABOUT_RETURN_TYPE = YES_ERROR;
				GCC_WARN_UNDECLARED_SELECTOR = YES;
				GCC_WARN_UNINITIALIZED_AUTOS = YES_AGGRESSIVE;
				GCC_WARN_UNUSED_FUNCTION = YES;
				GCC_WARN_UNUSED_VARIABLE = YES;
				IPHONEOS_DEPLOYMENT_TARGET = 8.0;
				MTL_ENABLE_DEBUG_INFO = YES;
				ONLY_ACTIVE_ARCH = YES;
				SDKROOT = iphoneos;
			};
			name = Debug;
		};
		FFB2127B1CDB3B4300E3FD7D /* Release */ = {
			isa = XCBuildConfiguration;
			buildSettings = {
				ALWAYS_SEARCH_USER_PATHS = NO;
				CLANG_CXX_LANGUAGE_STANDARD = "gnu++0x";
				CLANG_CXX_LIBRARY = "libc++";
				CLANG_ENABLE_MODULES = YES;
				CLANG_ENABLE_OBJC_ARC = YES;
				CLANG_WARN_BOOL_CONVERSION = YES;
				CLANG_WARN_CONSTANT_CONVERSION = YES;
				CLANG_WARN_DIRECT_OBJC_ISA_USAGE = YES_ERROR;
				CLANG_WARN_EMPTY_BODY = YES;
				CLANG_WARN_ENUM_CONVERSION = YES;
				CLANG_WARN_INT_CONVERSION = YES;
				CLANG_WARN_OBJC_ROOT_CLASS = YES_ERROR;
				CLANG_WARN_UNREACHABLE_CODE = YES;
				CLANG_WARN__DUPLICATE_METHOD_MATCH = YES;
				"CODE_SIGN_IDENTITY[sdk=iphoneos*]" = "iPhone Developer";
				COPY_PHASE_STRIP = NO;
				DEBUG_INFORMATION_FORMAT = "dwarf-with-dsym";
				ENABLE_NS_ASSERTIONS = NO;
				ENABLE_STRICT_OBJC_MSGSEND = YES;
				GCC_C_LANGUAGE_STANDARD = gnu99;
				GCC_NO_COMMON_BLOCKS = YES;
				GCC_WARN_64_TO_32_BIT_CONVERSION = YES;
				GCC_WARN_ABOUT_RETURN_TYPE = YES_ERROR;
				GCC_WARN_UNDECLARED_SELECTOR = YES;
				GCC_WARN_UNINITIALIZED_AUTOS = YES_AGGRESSIVE;
				GCC_WARN_UNUSED_FUNCTION = YES;
				GCC_WARN_UNUSED_VARIABLE = YES;
				IPHONEOS_DEPLOYMENT_TARGET = 8.0;
				MTL_ENABLE_DEBUG_INFO = NO;
				SDKROOT = iphoneos;
				VALIDATE_PRODUCT = YES;
			};
			name = Release;
		};
		FFB2127D1CDB3B4300E3FD7D /* Debug */ = {
			isa = XCBuildConfiguration;
			buildSettings = {
				ASSETCATALOG_COMPILER_APPICON_NAME = AppIcon;
				INFOPLIST_FILE = 8dibBusiness/Info.plist;
				IPHONEOS_DEPLOYMENT_TARGET = 8.0;
				LD_RUNPATH_SEARCH_PATHS = "$(inherited) @executable_path/Frameworks";
				PRODUCT_BUNDLE_IDENTIFIER = "com.itdd.-dibBusiness";
				PRODUCT_NAME = "$(TARGET_NAME)";
			};
			name = Debug;
		};
		FFB2127E1CDB3B4300E3FD7D /* Release */ = {
			isa = XCBuildConfiguration;
			buildSettings = {
				ASSETCATALOG_COMPILER_APPICON_NAME = AppIcon;
				INFOPLIST_FILE = 8dibBusiness/Info.plist;
				IPHONEOS_DEPLOYMENT_TARGET = 8.0;
				LD_RUNPATH_SEARCH_PATHS = "$(inherited) @executable_path/Frameworks";
				PRODUCT_BUNDLE_IDENTIFIER = "com.itdd.-dibBusiness";
				PRODUCT_NAME = "$(TARGET_NAME)";
			};
			name = Release;
		};
		FFB212801CDB3B4300E3FD7D /* Debug */ = {
			isa = XCBuildConfiguration;
			buildSettings = {
				BUNDLE_LOADER = "$(TEST_HOST)";
				INFOPLIST_FILE = 8dibBusinessTests/Info.plist;
				LD_RUNPATH_SEARCH_PATHS = "$(inherited) @executable_path/Frameworks @loader_path/Frameworks";
				PRODUCT_BUNDLE_IDENTIFIER = "com.itdd.-dibBusinessTests";
				PRODUCT_NAME = "$(TARGET_NAME)";
				TEST_HOST = "$(BUILT_PRODUCTS_DIR)/8dibBusiness.app/8dibBusiness";
			};
			name = Debug;
		};
		FFB212811CDB3B4300E3FD7D /* Release */ = {
			isa = XCBuildConfiguration;
			buildSettings = {
				BUNDLE_LOADER = "$(TEST_HOST)";
				INFOPLIST_FILE = 8dibBusinessTests/Info.plist;
				LD_RUNPATH_SEARCH_PATHS = "$(inherited) @executable_path/Frameworks @loader_path/Frameworks";
				PRODUCT_BUNDLE_IDENTIFIER = "com.itdd.-dibBusinessTests";
				PRODUCT_NAME = "$(TARGET_NAME)";
				TEST_HOST = "$(BUILT_PRODUCTS_DIR)/8dibBusiness.app/8dibBusiness";
			};
			name = Release;
		};
		FFB212831CDB3B4300E3FD7D /* Debug */ = {
			isa = XCBuildConfiguration;
			buildSettings = {
				INFOPLIST_FILE = 8dibBusinessUITests/Info.plist;
				LD_RUNPATH_SEARCH_PATHS = "$(inherited) @executable_path/Frameworks @loader_path/Frameworks";
				PRODUCT_BUNDLE_IDENTIFIER = "com.itdd.-dibBusinessUITests";
				PRODUCT_NAME = "$(TARGET_NAME)";
				TEST_TARGET_NAME = 8dibBusiness;
				USES_XCTRUNNER = YES;
			};
			name = Debug;
		};
		FFB212841CDB3B4300E3FD7D /* Release */ = {
			isa = XCBuildConfiguration;
			buildSettings = {
				INFOPLIST_FILE = 8dibBusinessUITests/Info.plist;
				LD_RUNPATH_SEARCH_PATHS = "$(inherited) @executable_path/Frameworks @loader_path/Frameworks";
				PRODUCT_BUNDLE_IDENTIFIER = "com.itdd.-dibBusinessUITests";
				PRODUCT_NAME = "$(TARGET_NAME)";
				TEST_TARGET_NAME = 8dibBusiness;
				USES_XCTRUNNER = YES;
			};
			name = Release;
		};
/* End XCBuildConfiguration section */

/* Begin XCConfigurationList section */
		FFB2124A1CDB3B4300E3FD7D /* Build configuration list for PBXProject "8dibBusiness" */ = {
			isa = XCConfigurationList;
			buildConfigurations = (
				FFB2127A1CDB3B4300E3FD7D /* Debug */,
				FFB2127B1CDB3B4300E3FD7D /* Release */,
			);
			defaultConfigurationIsVisible = 0;
			defaultConfigurationName = Release;
		};
		FFB2127C1CDB3B4300E3FD7D /* Build configuration list for PBXNativeTarget "8dibBusiness" */ = {
			isa = XCConfigurationList;
			buildConfigurations = (
				FFB2127D1CDB3B4300E3FD7D /* Debug */,
				FFB2127E1CDB3B4300E3FD7D /* Release */,
			);
			defaultConfigurationIsVisible = 0;
		};
		FFB2127F1CDB3B4300E3FD7D /* Build configuration list for PBXNativeTarget "8dibBusinessTests" */ = {
			isa = XCConfigurationList;
			buildConfigurations = (
				FFB212801CDB3B4300E3FD7D /* Debug */,
				FFB212811CDB3B4300E3FD7D /* Release */,
			);
			defaultConfigurationIsVisible = 0;
		};
		FFB212821CDB3B4300E3FD7D /* Build configuration list for PBXNativeTarget "8dibBusinessUITests" */ = {
			isa = XCConfigurationList;
			buildConfigurations = (
				FFB212831CDB3B4300E3FD7D /* Debug */,
				FFB212841CDB3B4300E3FD7D /* Release */,
			);
			defaultConfigurationIsVisible = 0;
		};
/* End XCConfigurationList section */
	};
	rootObject = FFB212471CDB3B4300E3FD7D /* Project object */;
}
